
Microsoft Visual Studio Solution File, Format Version 12.00
# Visual Studio 15
VisualStudioVersion = 15.0.28010.2003
MinimumVisualStudioVersion = 10.0.40219.1
Project("{FAE04EC0-301F-11D3-BF4B-00C04F79EFBC}") = "SW", "SW\SW.csproj", "{69118360-1E1B-49C7-B0E6-001530D1A56A}"
EndProject
Project("{FAE04EC0-301F-11D3-BF4B-00C04F79EFBC}") = "SQL_Job", "SQL_Job\SQL_Job.csproj", "{A07C2824-E35A-41FE-9D7C-A6FFDD072C9C}"
EndProject
Project("{FAE04EC0-301F-11D3-BF4B-00C04F79EFBC}") = "SW.Business", "SW.Business\SW.Business.csproj", "{3799B192-9DD5-414C-BBE9-A076E987226D}"
EndProject
Project("{2150E333-8FDC-42A3-9474-1A3956D46DE8}") = "Easpnet", "Easpnet", "{01F5A668-EA66-47D2-8E83-72F424AF6721}"
EndProject
Project("{2150E333-8FDC-42A3-9474-1A3956D46DE8}") = "Tools", "Tools", "{6E83F532-02EC-45F9-8963-493AEDC5F780}"
EndProject
Project("{FAE04EC0-301F-11D3-BF4B-00C04F79EFBC}") = "EaspnetTools", "EaspnetTools\EaspnetTools.csproj", "{E5C9D18F-B7F4-470C-B8B6-5CBFE916F102}"
EndProject
Project("{FAE04EC0-301F-11D3-BF4B-00C04F79EFBC}") = "DLL", "DLL\DLL.csproj", "{D42B06EF-526C-42B5-87AC-186A8DE5FB82}"
EndProject
Project("{FAE04EC0-301F-11D3-BF4B-00C04F79EFBC}") = "Easpnet", "Easpnet\Easpnet.csproj", "{A34E6237-CB73-4B9C-A5DE-4D78AEAA8E7C}"
EndProject
Project("{FAE04EC0-301F-11D3-BF4B-00C04F79EFBC}") = "Easpnet.Controls", "Easpnet.Controls\Easpnet.Controls.csproj", "{5C953C7D-27B2-43C6-9BDE-E8CA82F78CCE}"
EndProject
Project("{FAE04EC0-301F-11D3-BF4B-00C04F79EFBC}") = "Easpnet.Modules", "Easpnet.Modules\Easpnet.Modules.csproj", "{CA15B300-3BF4-47D6-9561-172C40DCAC32}"
EndProject
Project("{FAE04EC0-301F-11D3-BF4B-00C04F79EFBC}") = "Easpnet.Modules.Core", "Easpnet.Modules.Core\Easpnet.Modules.Core.csproj", "{3DE68ADE-7088-424F-B749-EA733C513CBC}"
EndProject
Project("{FAE04EC0-301F-11D3-BF4B-00C04F79EFBC}") = "Easpnet.Modules.Forum", "Easpnet.Modules.Forum\Easpnet.Modules.Forum.csproj", "{BCA9D398-3DEA-4123-9E8D-318522DFA922}"
EndProject
Project("{FAE04EC0-301F-11D3-BF4B-00C04F79EFBC}") = "Easpnet.Modules.Member", "Easpnet.Modules.Member\Easpnet.Modules.Member.csproj", "{A240C734-93C8-4CE8-AEE5-7D01202869D6}"
EndProject
Project("{FAE04EC0-301F-11D3-BF4B-00C04F79EFBC}") = "Easpnet.Modules.News", "Easpnet.Modules.News\Easpnet.Modules.News.csproj", "{11E5C126-8AF9-4E2F-BDD4-02C2DC3D6C58}"
EndProject
Project("{FAE04EC0-301F-11D3-BF4B-00C04F79EFBC}") = "Easpnet.UrlRewrite", "Easpnet.UrlRewrite\Easpnet.UrlRewrite.csproj", "{AE8344DE-BC07-497B-A54D-F580C1432B2F}"
EndProject
Project("{FAE04EC0-301F-11D3-BF4B-00C04F79EFBC}") = "Easpnet.Web", "Easpnet.Web\Easpnet.Web.csproj", "{ACB229B7-2483-403F-8ED4-892E4A6FDF18}"
EndProject
Project("{FAE04EC0-301F-11D3-BF4B-00C04F79EFBC}") = "Local", "Local\Local.csproj", "{9E69E100-A3D3-4213-AFDD-5EFD94DAD376}"
EndProject
Project("{FAE04EC0-301F-11D3-BF4B-00C04F79EFBC}") = "SW.Commons", "SW.Commons\SW.Commons.csproj", "{BEA62248-ABC3-429C-BEE4-CEBBFF70CE69}"
EndProject
Project("{FAE04EC0-301F-11D3-BF4B-00C04F79EFBC}") = "SW.DLL", "SW.DLL\SW.DLL.csproj", "{26FF1785-7BF0-474E-9C4E-7D8216C72E3F}"
EndProject
Project("{FAE04EC0-301F-11D3-BF4B-00C04F79EFBC}") = "SW.Model", "SW.Model\SW.Model.csproj", "{4A7699B2-EC95-44C4-884A-981D37FEE78A}"
EndProject
Project("{FAE04EC0-301F-11D3-BF4B-00C04F79EFBC}") = "SW.Services", "SW.Services\SW.Services.csproj", "{2B50D372-0155-429F-8F85-078201C52F29}"
EndProject
Global
	GlobalSection(SolutionConfigurationPlatforms) = preSolution
		Debug|Any CPU = Debug|Any CPU
		Release|Any CPU = Release|Any CPU
	EndGlobalSection
	GlobalSection(ProjectConfigurationPlatforms) = postSolution
		{69118360-1E1B-49C7-B0E6-001530D1A56A}.Debug|Any CPU.ActiveCfg = Debug|Any CPU
		{69118360-1E1B-49C7-B0E6-001530D1A56A}.Debug|Any CPU.Build.0 = Debug|Any CPU
		{69118360-1E1B-49C7-B0E6-001530D1A56A}.Release|Any CPU.ActiveCfg = Release|Any CPU
		{A07C2824-E35A-41FE-9D7C-A6FFDD072C9C}.Debug|Any CPU.ActiveCfg = Debug|Any CPU
		{A07C2824-E35A-41FE-9D7C-A6FFDD072C9C}.Debug|Any CPU.Build.0 = Debug|Any CPU
		{A07C2824-E35A-41FE-9D7C-A6FFDD072C9C}.Release|Any CPU.ActiveCfg = Release|Any CPU
		{A07C2824-E35A-41FE-9D7C-A6FFDD072C9C}.Release|Any CPU.Build.0 = Release|Any CPU
		{3799B192-9DD5-414C-BBE9-A076E987226D}.Debug|Any CPU.ActiveCfg = Debug|Any CPU
		{3799B192-9DD5-414C-BBE9-A076E987226D}.Debug|Any CPU.Build.0 = Debug|Any CPU
		{3799B192-9DD5-414C-BBE9-A076E987226D}.Release|Any CPU.ActiveCfg = Release|Any CPU
		{3799B192-9DD5-414C-BBE9-A076E987226D}.Release|Any CPU.Build.0 = Release|Any CPU
		{E5C9D18F-B7F4-470C-B8B6-5CBFE916F102}.Debug|Any CPU.ActiveCfg = Debug|Any CPU
		{E5C9D18F-B7F4-470C-B8B6-5CBFE916F102}.Debug|Any CPU.Build.0 = Debug|Any CPU
		{E5C9D18F-B7F4-470C-B8B6-5CBFE916F102}.Release|Any CPU.ActiveCfg = Release|Any CPU
		{E5C9D18F-B7F4-470C-B8B6-5CBFE916F102}.Release|Any CPU.Build.0 = Release|Any CPU
		{D42B06EF-526C-42B5-87AC-186A8DE5FB82}.Debug|Any CPU.ActiveCfg = Debug|Any CPU
		{D42B06EF-526C-42B5-87AC-186A8DE5FB82}.Debug|Any CPU.Build.0 = Debug|Any CPU
		{D42B06EF-526C-42B5-87AC-186A8DE5FB82}.Release|Any CPU.ActiveCfg = Release|Any CPU
		{D42B06EF-526C-42B5-87AC-186A8DE5FB82}.Release|Any CPU.Build.0 = Release|Any CPU
		{A34E6237-CB73-4B9C-A5DE-4D78AEAA8E7C}.Debug|Any CPU.ActiveCfg = Debug|Any CPU
		{A34E6237-CB73-4B9C-A5DE-4D78AEAA8E7C}.Debug|Any CPU.Build.0 = Debug|Any CPU
		{A34E6237-CB73-4B9C-A5DE-4D78AEAA8E7C}.Release|Any CPU.ActiveCfg = Release|Any CPU
		{A34E6237-CB73-4B9C-A5DE-4D78AEAA8E7C}.Release|Any CPU.Build.0 = Release|Any CPU
		{5C953C7D-27B2-43C6-9BDE-E8CA82F78CCE}.Debug|Any CPU.ActiveCfg = Debug|Any CPU
		{5C953C7D-27B2-43C6-9BDE-E8CA82F78CCE}.Debug|Any CPU.Build.0 = Debug|Any CPU
		{5C953C7D-27B2-43C6-9BDE-E8CA82F78CCE}.Release|Any CPU.ActiveCfg = Release|Any CPU
		{5C953C7D-27B2-43C6-9BDE-E8CA82F78CCE}.Release|Any CPU.Build.0 = Release|Any CPU
		{CA15B300-3BF4-47D6-9561-172C40DCAC32}.Debug|Any CPU.ActiveCfg = Debug|Any CPU
		{CA15B300-3BF4-47D6-9561-172C40DCAC32}.Debug|Any CPU.Build.0 = Debug|Any CPU
		{CA15B300-3BF4-47D6-9561-172C40DCAC32}.Release|Any CPU.ActiveCfg = Release|Any CPU
		{CA15B300-3BF4-47D6-9561-172C40DCAC32}.Release|Any CPU.Build.0 = Release|Any CPU
		{3DE68ADE-7088-424F-B749-EA733C513CBC}.Debug|Any CPU.ActiveCfg = Debug|Any CPU
		{3DE68ADE-7088-424F-B749-EA733C513CBC}.Debug|Any CPU.Build.0 = Debug|Any CPU
		{3DE68ADE-7088-424F-B749-EA733C513CBC}.Release|Any CPU.ActiveCfg = Release|Any CPU
		{3DE68ADE-7088-424F-B749-EA733C513CBC}.Release|Any CPU.Build.0 = Release|Any CPU
		{BCA9D398-3DEA-4123-9E8D-318522DFA922}.Debug|Any CPU.ActiveCfg = Debug|Any CPU
		{BCA9D398-3DEA-4123-9E8D-318522DFA922}.Debug|Any CPU.Build.0 = Debug|Any CPU
		{BCA9D398-3DEA-4123-9E8D-318522DFA922}.Release|Any CPU.ActiveCfg = Release|Any CPU
		{BCA9D398-3DEA-4123-9E8D-318522DFA922}.Release|Any CPU.Build.0 = Release|Any CPU
		{A240C734-93C8-4CE8-AEE5-7D01202869D6}.Debug|Any CPU.ActiveCfg = Debug|Any CPU
		{A240C734-93C8-4CE8-AEE5-7D01202869D6}.Debug|Any CPU.Build.0 = Debug|Any CPU
		{A240C734-93C8-4CE8-AEE5-7D01202869D6}.Release|Any CPU.ActiveCfg = Release|Any CPU
		{A240C734-93C8-4CE8-AEE5-7D01202869D6}.Release|Any CPU.Build.0 = Release|Any CPU
		{11E5C126-8AF9-4E2F-BDD4-02C2DC3D6C58}.Debug|Any CPU.ActiveCfg = Debug|Any CPU
		{11E5C126-8AF9-4E2F-BDD4-02C2DC3D6C58}.Debug|Any CPU.Build.0 = Debug|Any CPU
		{11E5C126-8AF9-4E2F-BDD4-02C2DC3D6C58}.Release|Any CPU.ActiveCfg = Release|Any CPU
		{11E5C126-8AF9-4E2F-BDD4-02C2DC3D6C58}.Release|Any CPU.Build.0 = Release|Any CPU
		{AE8344DE-BC07-497B-A54D-F580C1432B2F}.Debug|Any CPU.ActiveCfg = Debug|Any CPU
		{AE8344DE-BC07-497B-A54D-F580C1432B2F}.Debug|Any CPU.Build.0 = Debug|Any CPU
		{AE8344DE-BC07-497B-A54D-F580C1432B2F}.Release|Any CPU.ActiveCfg = Release|Any CPU
		{AE8344DE-BC07-497B-A54D-F580C1432B2F}.Release|Any CPU.Build.0 = Release|Any CPU
		{ACB229B7-2483-403F-8ED4-892E4A6FDF18}.Debug|Any CPU.ActiveCfg = Debug|Any CPU
		{ACB229B7-2483-403F-8ED4-892E4A6FDF18}.Debug|Any CPU.Build.0 = Debug|Any CPU
		{ACB229B7-2483-403F-8ED4-892E4A6FDF18}.Release|Any CPU.ActiveCfg = Release|Any CPU
		{ACB229B7-2483-403F-8ED4-892E4A6FDF18}.Release|Any CPU.Build.0 = Release|Any CPU
		{9E69E100-A3D3-4213-AFDD-5EFD94DAD376}.Debug|Any CPU.ActiveCfg = Debug|Any CPU
		{9E69E100-A3D3-4213-AFDD-5EFD94DAD376}.Debug|Any CPU.Build.0 = Debug|Any CPU
		{9E69E100-A3D3-4213-AFDD-5EFD94DAD376}.Release|Any CPU.ActiveCfg = Release|Any CPU
		{9E69E100-A3D3-4213-AFDD-5EFD94DAD376}.Release|Any CPU.Build.0 = Release|Any CPU
		{BEA62248-ABC3-429C-BEE4-CEBBFF70CE69}.Debug|Any CPU.ActiveCfg = Debug|Any CPU
		{BEA62248-ABC3-429C-BEE4-CEBBFF70CE69}.Debug|Any CPU.Build.0 = Debug|Any CPU
		{BEA62248-ABC3-429C-BEE4-CEBBFF70CE69}.Release|Any CPU.ActiveCfg = Release|Any CPU
		{BEA62248-ABC3-429C-BEE4-CEBBFF70CE69}.Release|Any CPU.Build.0 = Release|Any CPU
		{26FF1785-7BF0-474E-9C4E-7D8216C72E3F}.Debug|Any CPU.ActiveCfg = Debug|Any CPU
		{26FF1785-7BF0-474E-9C4E-7D8216C72E3F}.Debug|Any CPU.Build.0 = Debug|Any CPU
		{26FF1785-7BF0-474E-9C4E-7D8216C72E3F}.Release|Any CPU.ActiveCfg = Release|Any CPU
		{26FF1785-7BF0-474E-9C4E-7D8216C72E3F}.Release|Any CPU.Build.0 = Release|Any CPU
		{4A7699B2-EC95-44C4-884A-981D37FEE78A}.Debug|Any CPU.ActiveCfg = Debug|Any CPU
		{4A7699B2-EC95-44C4-884A-981D37FEE78A}.Debug|Any CPU.Build.0 = Debug|Any CPU
		{4A7699B2-EC95-44C4-884A-981D37FEE78A}.Release|Any CPU.ActiveCfg = Release|Any CPU
		{4A7699B2-EC95-44C4-884A-981D37FEE78A}.Release|Any CPU.Build.0 = Release|Any CPU
		{2B50D372-0155-429F-8F85-078201C52F29}.Debug|Any CPU.ActiveCfg = Debug|Any CPU
		{2B50D372-0155-429F-8F85-078201C52F29}.Debug|Any CPU.Build.0 = Debug|Any CPU
		{2B50D372-0155-429F-8F85-078201C52F29}.Release|Any CPU.ActiveCfg = Release|Any CPU
		{2B50D372-0155-429F-8F85-078201C52F29}.Release|Any CPU.Build.0 = Release|Any CPU
	EndGlobalSection
	GlobalSection(SolutionProperties) = preSolution
		HideSolutionNode = FALSE
	EndGlobalSection
	GlobalSection(NestedProjects) = preSolution
		{6E83F532-02EC-45F9-8963-493AEDC5F780} = {01F5A668-EA66-47D2-8E83-72F424AF6721}
		{E5C9D18F-B7F4-470C-B8B6-5CBFE916F102} = {6E83F532-02EC-45F9-8963-493AEDC5F780}
		{D42B06EF-526C-42B5-87AC-186A8DE5FB82} = {01F5A668-EA66-47D2-8E83-72F424AF6721}
		{A34E6237-CB73-4B9C-A5DE-4D78AEAA8E7C} = {01F5A668-EA66-47D2-8E83-72F424AF6721}
		{5C953C7D-27B2-43C6-9BDE-E8CA82F78CCE} = {01F5A668-EA66-47D2-8E83-72F424AF6721}
		{CA15B300-3BF4-47D6-9561-172C40DCAC32} = {01F5A668-EA66-47D2-8E83-72F424AF6721}
		{3DE68ADE-7088-424F-B749-EA733C513CBC} = {01F5A668-EA66-47D2-8E83-72F424AF6721}
		{BCA9D398-3DEA-4123-9E8D-318522DFA922} = {01F5A668-EA66-47D2-8E83-72F424AF6721}
		{A240C734-93C8-4CE8-AEE5-7D01202869D6} = {01F5A668-EA66-47D2-8E83-72F424AF6721}
		{11E5C126-8AF9-4E2F-BDD4-02C2DC3D6C58} = {01F5A668-EA66-47D2-8E83-72F424AF6721}
		{AE8344DE-BC07-497B-A54D-F580C1432B2F} = {01F5A668-EA66-47D2-8E83-72F424AF6721}
		{ACB229B7-2483-403F-8ED4-892E4A6FDF18} = {01F5A668-EA66-47D2-8E83-72F424AF6721}
		{9E69E100-A3D3-4213-AFDD-5EFD94DAD376} = {01F5A668-EA66-47D2-8E83-72F424AF6721}
	EndGlobalSection
	GlobalSection(ExtensibilityGlobals) = postSolution
		SolutionGuid = {93E3A668-9D41-4FBD-9E22-14821FD7E391}
	EndGlobalSection
EndGlobal
